{
  "nodes": {
    "darwin": {
      "inputs": {
        "nixpkgs": [
          "nixpkgs"
        ]
      },
      "locked": {
        "lastModified": 1748373722,
        "narHash": "sha256-qi6aDGP2W6GyAUNEhg+slQWEpUiJ8LNIrQkmxHpzadI=",
        "owner": "LnL7",
        "repo": "nix-darwin",
        "rev": "75b99daa12b1fffd646d6c3cf13b06f1fa5cef63",
        "type": "github"
      },
      "original": {
        "owner": "LnL7",
        "ref": "nix-darwin-25.05",
        "repo": "nix-darwin",
        "type": "github"
      }
    },
    "home-manager": {
      "inputs": {
        "nixpkgs": [
          "nixpkgs"
        ]
      },
      "locked": {
        "lastModified": 1749154018,
        "narHash": "sha256-gjN3j7joRvT3a8Zgcylnd4NFsnXeDBumqiu4HmY1RIg=",
        "owner": "nix-community",
        "repo": "home-manager",
        "rev": "7aae0ee71a17b19708b93b3ed448a1a0952bf111",
        "type": "github"
      },
      "original": {
        "owner": "nix-community",
        "ref": "release-25.05",
        "repo": "home-manager",
        "type": "github"
      }
    },
    "nixpkgs": {
      "locked": {
        "lastModified": 1749494155,
        "narHash": "sha256-FG4DEYBpROupu758beabUk9lhrblSf5hnv84v1TLqMc=",
        "owner": "nixos",
        "repo": "nixpkgs",
        "rev": "88331c17ba434359491e8d5889cce872464052c2",
        "type": "github"
      },
      "original": {
        "owner": "nixos",
        "ref": "nixos-25.05",
        "repo": "nixpkgs",
        "type": "github"
      }
    },
    "nixpkgs-unstable": {
      "locked": {
        "lastModified": 1749523198,
        "narHash": "sha256-How2kQw0psKmCdXgojc95Sf3K5maHB3qfINxTZFCAPM=",
        "owner": "nixos",
        "repo": "nixpkgs",
        "rev": "cdc68935eba9f86d155585fdf6f17af6824f38ac",
        "type": "github"
      },
      "original": {
        "owner": "nixos",
        "ref": "nixpkgs-unstable",
        "repo": "nixpkgs",
        "type": "github"
      }
    },
    "nvim-config-rain": {
      "flake": false,
      "locked": {
        "lastModified": 1742579361,
        "narHash": "sha256-f3XInwBjC9vo5OxJMDrkAssAwvigH2W2FAg68rO0Z3k=",
        "rev": "5f377f2d595c4be44b223a4e0ce6700f7fa2945a",
        "revCount": 326,
        "type": "git",
        "url": "file:users/rain/nvim"
      },
      "original": {
        "type": "git",
        "url": "file:users/rain/nvim"
      }
    },
    "root": {
      "inputs": {
        "darwin": "darwin",
        "home-manager": "home-manager",
        "nixpkgs": "nixpkgs",
        "nixpkgs-unstable": "nixpkgs-unstable",
        "nvim-config-rain": "nvim-config-rain"
      }
    }
  },
  "root": "root",
  "version": 7
}
